// !$*UTF8*$!
{
	archiveVersion = 1;
	classes = {
	};
	objectVersion = 56;
	objects = {

/* Begin PBXBuildFile section */
		576800D82A0EA51E00699DBB /* hw2App.swift in Sources */ = {isa = PBXBuildFile; fileRef = 576800D72A0EA51E00699DBB /* hw2App.swift */; };
		576800DA2A0EA51E00699DBB /* ContentView.swift in Sources */ = {isa = PBXBuildFile; fileRef = 576800D92A0EA51E00699DBB /* ContentView.swift */; };
		576800DC2A0EA52400699DBB /* Assets.xcassets in Resources */ = {isa = PBXBuildFile; fileRef = 576800DB2A0EA52400699DBB /* Assets.xcassets */; };
		576800DF2A0EA52400699DBB /* Preview Assets.xcassets in Resources */ = {isa = PBXBuildFile; fileRef = 576800DE2A0EA52400699DBB /* Preview Assets.xcassets */; };
		576800E92A0EA52400699DBB /* hw2Tests.swift in Sources */ = {isa = PBXBuildFile; fileRef = 576800E82A0EA52400699DBB /* hw2Tests.swift */; };
		576800F32A0EA52500699DBB /* hw2UITests.swift in Sources */ = {isa = PBXBuildFile; fileRef = 576800F22A0EA52500699DBB /* hw2UITests.swift */; };
		576800F52A0EA52500699DBB /* hw2UITestsLaunchTests.swift in Sources */ = {isa = PBXBuildFile; fileRef = 576800F42A0EA52500699DBB /* hw2UITestsLaunchTests.swift */; };
/* End PBXBuildFile section */

/* Begin PBXContainerItemProxy section */
		576800E52A0EA52400699DBB /* PBXContainerItemProxy */ = {
			isa = PBXContainerItemProxy;
			containerPortal = 576800CC2A0EA51E00699DBB /* Project object */;
			proxyType = 1;
			remoteGlobalIDString = 576800D32A0EA51E00699DBB;
			remoteInfo = hw2;
		};
		576800EF2A0EA52500699DBB /* PBXContainerItemProxy */ = {
			isa = PBXContainerItemProxy;
			containerPortal = 576800CC2A0EA51E00699DBB /* Project object */;
			proxyType = 1;
			remoteGlobalIDString = 576800D32A0EA51E00699DBB;
			remoteInfo = hw2;
		};
/* End PBXContainerItemProxy section */

/* Begin PBXFileReference section */
		576800D42A0EA51E00699DBB /* hw2.app */ = {isa = PBXFileReference; explicitFileType = wrapper.application; includeInIndex = 0; path = hw2.app; sourceTree = BUILT_PRODUCTS_DIR; };
		576800D72A0EA51E00699DBB /* hw2App.swift */ = {isa = PBXFileReference; lastKnownFileType = sourcecode.swift; path = hw2App.swift; sourceTree = "<group>"; };
		576800D92A0EA51E00699DBB /* ContentView.swift */ = {isa = PBXFileReference; lastKnownFileType = sourcecode.swift; path = ContentView.swift; sourceTree = "<group>"; };
		576800DB2A0EA52400699DBB /* Assets.xcassets */ = {isa = PBXFileReference; lastKnownFileType = folder.assetcatalog; path = Assets.xcassets; sourceTree = "<group>"; };
		576800DE2A0EA52400699DBB /* Preview Assets.xcassets */ = {isa = PBXFileReference; lastKnownFileType = folder.assetcatalog; path = "Preview Assets.xcassets"; sourceTree = "<group>"; };
		576800E42A0EA52400699DBB /* hw2Tests.xctest */ = {isa = PBXFileReference; explicitFileType = wrapper.cfbundle; includeInIndex = 0; path = hw2Tests.xctest; sourceTree = BUILT_PRODUCTS_DIR; };
		576800E82A0EA52400699DBB /* hw2Tests.swift */ = {isa = PBXFileReference; lastKnownFileType = sourcecode.swift; path = hw2Tests.swift; sourceTree = "<group>"; };
		576800EE2A0EA52400699DBB /* hw2UITests.xctest */ = {isa = PBXFileReference; explicitFileType = wrapper.cfbundle; includeInIndex = 0; path = hw2UITests.xctest; sourceTree = BUILT_PRODUCTS_DIR; };
		576800F22A0EA52500699DBB /* hw2UITests.swift */ = {isa = PBXFileReference; lastKnownFileType = sourcecode.swift; path = hw2UITests.swift; sourceTree = "<group>"; };
		576800F42A0EA52500699DBB /* hw2UITestsLaunchTests.swift */ = {isa = PBXFileReference; lastKnownFileType = sourcecode.swift; path = hw2UITestsLaunchTests.swift; sourceTree = "<group>"; };
/* End PBXFileReference section */

/* Begin PBXFrameworksBuildPhase section */
		576800D12A0EA51E00699DBB /* Frameworks */ = {
			isa = PBXFrameworksBuildPhase;
			buildActionMask = 2147483647;
			files = (
			);
			runOnlyForDeploymentPostprocessing = 0;
		};
		576800E12A0EA52400699DBB /* Frameworks */ = {
			isa = PBXFrameworksBuildPhase;
			buildActionMask = 2147483647;
			files = (
			);
			runOnlyForDeploymentPostprocessing = 0;
		};
		576800EB2A0EA52400699DBB /* Frameworks */ = {
			isa = PBXFrameworksBuildPhase;
			buildActionMask = 2147483647;
			files = (
			);
			runOnlyForDeploymentPostprocessing = 0;
		};
/* End PBXFrameworksBuildPhase section */

/* Begin PBXGroup section */
		576800CB2A0EA51E00699DBB = {
			isa = PBXGroup;
			children = (
				576800D62A0EA51E00699DBB /* hw2 */,
				576800E72A0EA52400699DBB /* hw2Tests */,
				576800F12A0EA52500699DBB /* hw2UITests */,
				576800D52A0EA51E00699DBB /* Products */,
			);
			sourceTree = "<group>";
		};
		576800D52A0EA51E00699DBB /* Products */ = {
			isa = PBXGroup;
			children = (
				576800D42A0EA51E00699DBB /* hw2.app */,
				576800E42A0EA52400699DBB /* hw2Tests.xctest */,
				576800EE2A0EA52400699DBB /* hw2UITests.xctest */,
			);
			name = Products;
			sourceTree = "<group>";
		};
		576800D62A0EA51E00699DBB /* hw2 */ = {
			isa = PBXGroup;
			children = (
				576800D72A0EA51E00699DBB /* hw2App.swift */,
				576800D92A0EA51E00699DBB /* ContentView.swift */,
				576800DB2A0EA52400699DBB /* Assets.xcassets */,
				576800DD2A0EA52400699DBB /* Preview Content */,
			);
			path = hw2;
			sourceTree = "<group>";
		};
		576800DD2A0EA52400699DBB /* Preview Content */ = {
			isa = PBXGroup;
			children = (
				576800DE2A0EA52400699DBB /* Preview Assets.xcassets */,
			);
			path = "Preview Content";
			sourceTree = "<group>";
		};
		576800E72A0EA52400699DBB /* hw2Tests */ = {
			isa = PBXGroup;
			children = (
				576800E82A0EA52400699DBB /* hw2Tests.swift */,
			);
			path = hw2Tests;
			sourceTree = "<group>";
		};
		576800F12A0EA52500699DBB /* hw2UITests */ = {
			isa = PBXGroup;
			children = (
				576800F22A0EA52500699DBB /* hw2UITests.swift */,
				576800F42A0EA52500699DBB /* hw2UITestsLaunchTests.swift */,
			);
			path = hw2UITests;
			sourceTree = "<group>";
		};
/* End PBXGroup section */

/* Begin PBXNativeTarget section */
		576800D32A0EA51E00699DBB /* hw2 */ = {
			isa = PBXNativeTarget;
			buildConfigurationList = 576800F82A0EA52500699DBB /* Build configuration list for PBXNativeTarget "hw2" */;
			buildPhases = (
				576800D02A0EA51E00699DBB /* Sources */,
				576800D12A0EA51E00699DBB /* Frameworks */,
				576800D22A0EA51E00699DBB /* Resources */,
			);
			buildRules = (
			);
			dependencies = (
			);
			name = hw2;
			productName = hw2;
			productReference = 576800D42A0EA51E00699DBB /* hw2.app */;
			productType = "com.apple.product-type.application";
		};
		576800E32A0EA52400699DBB /* hw2Tests */ = {
			isa = PBXNativeTarget;
			buildConfigurationList = 576800FB2A0EA52500699DBB /* Build configuration list for PBXNativeTarget "hw2Tests" */;
			buildPhases = (
				576800E02A0EA52400699DBB /* Sources */,
				576800E12A0EA52400699DBB /* Frameworks */,
				576800E22A0EA52400699DBB /* Resources */,
			);
			buildRules = (
			);
			dependencies = (
				576800E62A0EA52400699DBB /* PBXTargetDependency */,
			);
			name = hw2Tests;
			productName = hw2Tests;
			productReference = 576800E42A0EA52400699DBB /* hw2Tests.xctest */;
			productType = "com.apple.product-type.bundle.unit-test";
		};
		576800ED2A0EA52400699DBB /* hw2UITests */ = {
			isa = PBXNativeTarget;
			buildConfigurationList = 576800FE2A0EA52500699DBB /* Build configuration list for PBXNativeTarget "hw2UITests" */;
			buildPhases = (
				576800EA2A0EA52400699DBB /* Sources */,
				576800EB2A0EA52400699DBB /* Frameworks */,
				576800EC2A0EA52400699DBB /* Resources */,
			);
			buildRules = (
			);
			dependencies = (
				576800F02A0EA52500699DBB /* PBXTargetDependency */,
			);
			name = hw2UITests;
			productName = hw2UITests;
			productReference = 576800EE2A0EA52400699DBB /* hw2UITests.xctest */;
			productType = "com.apple.product-type.bundle.ui-testing";
		};
/* End PBXNativeTarget section */

/* Begin PBXProject section */
		576800CC2A0EA51E00699DBB /* Project object */ = {
			isa = PBXProject;
			attributes = {
				BuildIndependentTargetsInParallel = 1;
				LastSwiftUpdateCheck = 1430;
				LastUpgradeCheck = 1430;
				TargetAttributes = {
					576800D32A0EA51E00699DBB = {
						CreatedOnToolsVersion = 14.3;
					};
					576800E32A0EA52400699DBB = {
						CreatedOnToolsVersion = 14.3;
						TestTargetID = 576800D32A0EA51E00699DBB;
					};
					576800ED2A0EA52400699DBB = {
						CreatedOnToolsVersion = 14.3;
						TestTargetID = 576800D32A0EA51E00699DBB;
					};
				};
			};
			buildConfigurationList = 576800CF2A0EA51E00699DBB /* Build configuration list for PBXProject "hw2" */;
			compatibilityVersion = "Xcode 14.0";
			developmentRegion = en;
			hasScannedForEncodings = 0;
			knownRegions = (
				en,
				Base,
			);
			mainGroup = 576800CB2A0EA51E00699DBB;
			productRefGroup = 576800D52A0EA51E00699DBB /* Products */;
			projectDirPath = "";
			projectRoot = "";
			targets = (
				576800D32A0EA51E00699DBB /* hw2 */,
				576800E32A0EA52400699DBB /* hw2Tests */,
				576800ED2A0EA52400699DBB /* hw2UITests */,
			);
		};
/* End PBXProject section */

/* Begin PBXResourcesBuildPhase section */
		576800D22A0EA51E00699DBB /* Resources */ = {
			isa = PBXResourcesBuildPhase;
			buildActionMask = 2147483647;
			files = (
				576800DF2A0EA52400699DBB /* Preview Assets.xcassets in Resources */,
				576800DC2A0EA52400699DBB /* Assets.xcassets in Resources */,
			);
			runOnlyForDeploymentPostprocessing = 0;
		};
		576800E22A0EA52400699DBB /* Resources */ = {
			isa = PBXResourcesBuildPhase;
			buildActionMask = 2147483647;
			files = (
			);
			runOnlyForDeploymentPostprocessing = 0;
		};
		576800EC2A0EA52400699DBB /* Resources */ = {
			isa = PBXResourcesBuildPhase;
			buildActionMask = 2147483647;
			files = (
			);
			runOnlyForDeploymentPostprocessing = 0;
		};
/* End PBXResourcesBuildPhase section */

/* Begin PBXSourcesBuildPhase section */
		576800D02A0EA51E00699DBB /* Sources */ = {
			isa = PBXSourcesBuildPhase;
			buildActionMask = 2147483647;
			files = (
				576800DA2A0EA51E00699DBB /* ContentView.swift in Sources */,
				576800D82A0EA51E00699DBB /* hw2App.swift in Sources */,
			);
			runOnlyForDeploymentPostprocessing = 0;
		};
		576800E02A0EA52400699DBB /* Sources */ = {
			isa = PBXSourcesBuildPhase;
			buildActionMask = 2147483647;
			files = (
				576800E92A0EA52400699DBB /* hw2Tests.swift in Sources */,
			);
			runOnlyForDeploymentPostprocessing = 0;
		};
		576800EA2A0EA52400699DBB /* Sources */ = {
			isa = PBXSourcesBuildPhase;
			buildActionMask = 2147483647;
			files = (
				576800F52A0EA52500699DBB /* hw2UITestsLaunchTests.swift in Sources */,
				576800F32A0EA52500699DBB /* hw2UITests.swift in Sources */,
			);
			runOnlyForDeploymentPostprocessing = 0;
		};
/* End PBXSourcesBuildPhase section */

/* Begin PBXTargetDependency section */
		576800E62A0EA52400699DBB /* PBXTargetDependency */ = {
			isa = PBXTargetDependency;
			target = 576800D32A0EA51E00699DBB /* hw2 */;
			targetProxy = 576800E52A0EA52400699DBB /* PBXContainerItemProxy */;
		};
		576800F02A0EA52500699DBB /* PBXTargetDependency */ = {
			isa = PBXTargetDependency;
			target = 576800D32A0EA51E00699DBB /* hw2 */;
			targetProxy = 576800EF2A0EA52500699DBB /* PBXContainerItemProxy */;
		};
/* End PBXTargetDependency section */

/* Begin XCBuildConfiguration section */
		576800F62A0EA52500699DBB /* Debug */ = {
			isa = XCBuildConfiguration;
			buildSettings = {
				ALWAYS_SEARCH_USER_PATHS = NO;
				CLANG_ANALYZER_NONNULL = YES;
				CLANG_ANALYZER_NUMBER_OBJECT_CONVERSION = YES_AGGRESSIVE;
				CLANG_CXX_LANGUAGE_STANDARD = "gnu++20";
				CLANG_ENABLE_MODULES = YES;
				CLANG_ENABLE_OBJC_ARC = YES;
				CLANG_ENABLE_OBJC_WEAK = YES;
				CLANG_WARN_BLOCK_CAPTURE_AUTORELEASING = YES;
				CLANG_WARN_BOOL_CONVERSION = YES;
				CLANG_WARN_COMMA = YES;
				CLANG_WARN_CONSTANT_CONVERSION = YES;
				CLANG_WARN_DEPRECATED_OBJC_IMPLEMENTATIONS = YES;
				CLANG_WARN_DIRECT_OBJC_ISA_USAGE = YES_ERROR;
				CLANG_WARN_DOCUMENTATION_COMMENTS = YES;
				CLANG_WARN_EMPTY_BODY = YES;
				CLANG_WARN_ENUM_CONVERSION = YES;
				CLANG_WARN_INFINITE_RECURSION = YES;
				CLANG_WARN_INT_CONVERSION = YES;
				CLANG_WARN_NON_LITERAL_NULL_CONVERSION = YES;
				CLANG_WARN_OBJC_IMPLICIT_RETAIN_SELF = YES;
				CLANG_WARN_OBJC_LITERAL_CONVERSION = YES;
				CLANG_WARN_OBJC_ROOT_CLASS = YES_ERROR;
				CLANG_WARN_QUOTED_INCLUDE_IN_FRAMEWORK_HEADER = YES;
				CLANG_WARN_RANGE_LOOP_ANALYSIS = YES;
				CLANG_WARN_STRICT_PROTOTYPES = YES;
				CLANG_WARN_SUSPICIOUS_MOVE = YES;
				CLANG_WARN_UNGUARDED_AVAILABILITY = YES_AGGRESSIVE;
				CLANG_WARN_UNREACHABLE_CODE = YES;
				CLANG_WARN__DUPLICATE_METHOD_MATCH = YES;
				COPY_PHASE_STRIP = NO;
				DEBUG_INFORMATION_FORMAT = dwarf;
				ENABLE_STRICT_OBJC_MSGSEND = YES;
				ENABLE_TESTABILITY = YES;
				GCC_C_LANGUAGE_STANDARD = gnu11;
				GCC_DYNAMIC_NO_PIC = NO;
				GCC_NO_COMMON_BLOCKS = YES;
				GCC_OPTIMIZATION_LEVEL = 0;
				GCC_PREPROCESSOR_DEFINITIONS = (
					"DEBUG=1",
					"$(inherited)",
				);
				GCC_WARN_64_TO_32_BIT_CONVERSION = YES;
				GCC_WARN_ABOUT_RETURN_TYPE = YES_ERROR;
				GCC_WARN_UNDECLARED_SELECTOR = YES;
				GCC_WARN_UNINITIALIZED_AUTOS = YES_AGGRESSIVE;
				GCC_WARN_UNUSED_FUNCTION = YES;
				GCC_WARN_UNUSED_VARIABLE = YES;
				IPHONEOS_DEPLOYMENT_TARGET = 16.4;
				MTL_ENABLE_DEBUG_INFO = INCLUDE_SOURCE;
				MTL_FAST_MATH = YES;
				ONLY_ACTIVE_ARCH = YES;
				SDKROOT = iphoneos;
				SWIFT_ACTIVE_COMPILATION_CONDITIONS = DEBUG;
				SWIFT_OPTIMIZATION_LEVEL = "-Onone";
			};
			name = Debug;
		};
		576800F72A0EA52500699DBB /* Release */ = {
			isa = XCBuildConfiguration;
			buildSettings = {
				ALWAYS_SEARCH_USER_PATHS = NO;
				CLANG_ANALYZER_NONNULL = YES;
				CLANG_ANALYZER_NUMBER_OBJECT_CONVERSION = YES_AGGRESSIVE;
				CLANG_CXX_LANGUAGE_STANDARD = "gnu++20";
				CLANG_ENABLE_MODULES = YES;
				CLANG_ENABLE_OBJC_ARC = YES;
				CLANG_ENABLE_OBJC_WEAK = YES;
				CLANG_WARN_BLOCK_CAPTURE_AUTORELEASING = YES;
				CLANG_WARN_BOOL_CONVERSION = YES;
				CLANG_WARN_COMMA = YES;
				CLANG_WARN_CONSTANT_CONVERSION = YES;
				CLANG_WARN_DEPRECATED_OBJC_IMPLEMENTATIONS = YES;
				CLANG_WARN_DIRECT_OBJC_ISA_USAGE = YES_ERROR;
				CLANG_WARN_DOCUMENTATION_COMMENTS = YES;
				CLANG_WARN_EMPTY_BODY = YES;
				CLANG_WARN_ENUM_CONVERSION = YES;
				CLANG_WARN_INFINITE_RECURSION = YES;
				CLANG_WARN_INT_CONVERSION = YES;
				CLANG_WARN_NON_LITERAL_NULL_CONVERSION = YES;
				CLANG_WARN_OBJC_IMPLICIT_RETAIN_SELF = YES;
				CLANG_WARN_OBJC_LITERAL_CONVERSION = YES;
				CLANG_WARN_OBJC_ROOT_CLASS = YES_ERROR;
				CLANG_WARN_QUOTED_INCLUDE_IN_FRAMEWORK_HEADER = YES;
				CLANG_WARN_RANGE_LOOP_ANALYSIS = YES;
				CLANG_WARN_STRICT_PROTOTYPES = YES;
				CLANG_WARN_SUSPICIOUS_MOVE = YES;
				CLANG_WARN_UNGUARDED_AVAILABILITY = YES_AGGRESSIVE;
				CLANG_WARN_UNREACHABLE_CODE = YES;
				CLANG_WARN__DUPLICATE_METHOD_MATCH = YES;
				COPY_PHASE_STRIP = NO;
				DEBUG_INFORMATION_FORMAT = "dwarf-with-dsym";
				ENABLE_NS_ASSERTIONS = NO;
				ENABLE_STRICT_OBJC_MSGSEND = YES;
				GCC_C_LANGUAGE_STANDARD = gnu11;
				GCC_NO_COMMON_BLOCKS = YES;
				GCC_WARN_64_TO_32_BIT_CONVERSION = YES;
				GCC_WARN_ABOUT_RETURN_TYPE = YES_ERROR;
				GCC_WARN_UNDECLARED_SELECTOR = YES;
				GCC_WARN_UNINITIALIZED_AUTOS = YES_AGGRESSIVE;
				GCC_WARN_UNUSED_FUNCTION = YES;
				GCC_WARN_UNUSED_VARIABLE = YES;
				IPHONEOS_DEPLOYMENT_TARGET = 16.4;
				MTL_ENABLE_DEBUG_INFO = NO;
				MTL_FAST_MATH = YES;
				SDKROOT = iphoneos;
				SWIFT_COMPILATION_MODE = wholemodule;
				SWIFT_OPTIMIZATION_LEVEL = "-O";
				VALIDATE_PRODUCT = YES;
			};
			name = Release;
		};
		576800F92A0EA52500699DBB /* Debug */ = {
			isa = XCBuildConfiguration;
			buildSettings = {
				ASSETCATALOG_COMPILER_APPICON_NAME = AppIcon;
				ASSETCATALOG_COMPILER_GLOBAL_ACCENT_COLOR_NAME = AccentColor;
				CODE_SIGN_STYLE = Automatic;
				CURRENT_PROJECT_VERSION = 1;
				DEVELOPMENT_ASSET_PATHS = "\"hw2/Preview Content\"";
				DEVELOPMENT_TEAM = 5FG36858X8;
				ENABLE_PREVIEWS = YES;
				GENERATE_INFOPLIST_FILE = YES;
				INFOPLIST_KEY_UIApplicationSceneManifest_Generation = YES;
				INFOPLIST_KEY_UIApplicationSupportsIndirectInputEvents = YES;
				INFOPLIST_KEY_UILaunchScreen_Generation = YES;
				INFOPLIST_KEY_UISupportedInterfaceOrientations_iPad = "UIInterfaceOrientationPortrait UIInterfaceOrientationPortraitUpsideDown UIInterfaceOrientationLandscapeLeft UIInterfaceOrientationLandscapeRight";
				INFOPLIST_KEY_UISupportedInterfaceOrientations_iPhone = "UIInterfaceOrientationPortrait UIInterfaceOrientationLandscapeLeft UIInterfaceOrientationLandscapeRight";
				LD_RUNPATH_SEARCH_PATHS = (
					"$(inherited)",
					"@executable_path/Frameworks",
				);
				MARKETING_VERSION = 1.0;
				PRODUCT_BUNDLE_IDENTIFIER = at.julian.hw2;
				PRODUCT_NAME = "$(TARGET_NAME)";
				SWIFT_EMIT_LOC_STRINGS = YES;
				SWIFT_VERSION = 5.0;
				TARGETED_DEVICE_FAMILY = "1,2";
			};
			name = Debug;
		};
		576800FA2A0EA52500699DBB /* Release */ = {
			isa = XCBuildConfiguration;
			buildSettings = {
				ASSETCATALOG_COMPILER_APPICON_NAME = AppIcon;
				ASSETCATALOG_COMPILER_GLOBAL_ACCENT_COLOR_NAME = AccentColor;
				CODE_SIGN_STYLE = Automatic;
				CURRENT_PROJECT_VERSION = 1;
				DEVELOPMENT_ASSET_PATHS = "\"hw2/Preview Content\"";
				DEVELOPMENT_TEAM = 5FG36858X8;
				ENABLE_PREVIEWS = YES;
				GENERATE_INFOPLIST_FILE = YES;
				INFOPLIST_KEY_UIApplicationSceneManifest_Generation = YES;
				INFOPLIST_KEY_UIApplicationSupportsIndirectInputEvents = YES;
				INFOPLIST_KEY_UILaunchScreen_Generation = YES;
				INFOPLIST_KEY_UISupportedInterfaceOrientations_iPad = "UIInterfaceOrientationPortrait UIInterfaceOrientationPortraitUpsideDown UIInterfaceOrientationLandscapeLeft UIInterfaceOrientationLandscapeRight";
				INFOPLIST_KEY_UISupportedInterfaceOrientations_iPhone = "UIInterfaceOrientationPortrait UIInterfaceOrientationLandscapeLeft UIInterfaceOrientationLandscapeRight";
				LD_RUNPATH_SEARCH_PATHS = (
					"$(inherited)",
					"@executable_path/Frameworks",
				);
				MARKETING_VERSION = 1.0;
				PRODUCT_BUNDLE_IDENTIFIER = at.julian.hw2;
				PRODUCT_NAME = "$(TARGET_NAME)";
				SWIFT_EMIT_LOC_STRINGS = YES;
				SWIFT_VERSION = 5.0;
				TARGETED_DEVICE_FAMILY = "1,2";
			};
			name = Release;
		};
		576800FC2A0EA52500699DBB /* Debug */ = {
			isa = XCBuildConfiguration;
			buildSettings = {
				ALWAYS_EMBED_SWIFT_STANDARD_LIBRARIES = YES;
				BUNDLE_LOADER = "$(TEST_HOST)";
				CODE_SIGN_STYLE = Automatic;
				CURRENT_PROJECT_VERSION = 1;
				DEVELOPMENT_TEAM = 5FG36858X8;
				GENERATE_INFOPLIST_FILE = YES;
				IPHONEOS_DEPLOYMENT_TARGET = 16.4;
				MARKETING_VERSION = 1.0;
				PRODUCT_BUNDLE_IDENTIFIER = at.julian.hw2Tests;
				PRODUCT_NAME = "$(TARGET_NAME)";
				SWIFT_EMIT_LOC_STRINGS = NO;
				SWIFT_VERSION = 5.0;
				TARGETED_DEVICE_FAMILY = "1,2";
				TEST_HOST = "$(BUILT_PRODUCTS_DIR)/hw2.app/$(BUNDLE_EXECUTABLE_FOLDER_PATH)/hw2";
			};
			name = Debug;
		};
		576800FD2A0EA52500699DBB /* Release */ = {
			isa = XCBuildConfiguration;
			buildSettings = {
				ALWAYS_EMBED_SWIFT_STANDARD_LIBRARIES = YES;
				BUNDLE_LOADER = "$(TEST_HOST)";
				CODE_SIGN_STYLE = Automatic;
				CURRENT_PROJECT_VERSION = 1;
				DEVELOPMENT_TEAM = 5FG36858X8;
				GENERATE_INFOPLIST_FILE = YES;
				IPHONEOS_DEPLOYMENT_TARGET = 16.4;
				MARKETING_VERSION = 1.0;
				PRODUCT_BUNDLE_IDENTIFIER = at.julian.hw2Tests;
				PRODUCT_NAME = "$(TARGET_NAME)";
				SWIFT_EMIT_LOC_STRINGS = NO;
				SWIFT_VERSION = 5.0;
				TARGETED_DEVICE_FAMILY = "1,2";
				TEST_HOST = "$(BUILT_PRODUCTS_DIR)/hw2.app/$(BUNDLE_EXECUTABLE_FOLDER_PATH)/hw2";
			};
			name = Release;
		};
		576800FF2A0EA52500699DBB /* Debug */ = {
			isa = XCBuildConfiguration;
			buildSettings = {
				ALWAYS_EMBED_SWIFT_STANDARD_LIBRARIES = YES;
				CODE_SIGN_STYLE = Automatic;
				CURRENT_PROJECT_VERSION = 1;
				DEVELOPMENT_TEAM = 5FG36858X8;
				GENERATE_INFOPLIST_FILE = YES;
				MARKETING_VERSION = 1.0;
				PRODUCT_BUNDLE_IDENTIFIER = at.julian.hw2UITests;
				PRODUCT_NAME = "$(TARGET_NAME)";
				SWIFT_EMIT_LOC_STRINGS = NO;
				SWIFT_VERSION = 5.0;
				TARGETED_DEVICE_FAMILY = "1,2";
				TEST_TARGET_NAME = hw2;
			};
			name = Debug;
		};
		576801002A0EA52500699DBB /* Release */ = {
			isa = XCBuildConfiguration;
			buildSettings = {
				ALWAYS_EMBED_SWIFT_STANDARD_LIBRARIES = YES;
				CODE_SIGN_STYLE = Automatic;
				CURRENT_PROJECT_VERSION = 1;
				DEVELOPMENT_TEAM = 5FG36858X8;
				GENERATE_INFOPLIST_FILE = YES;
				MARKETING_VERSION = 1.0;
				PRODUCT_BUNDLE_IDENTIFIER = at.julian.hw2UITests;
				PRODUCT_NAME = "$(TARGET_NAME)";
				SWIFT_EMIT_LOC_STRINGS = NO;
				SWIFT_VERSION = 5.0;
				TARGETED_DEVICE_FAMILY = "1,2";
				TEST_TARGET_NAME = hw2;
			};
			name = Release;
		};
/* End XCBuildConfiguration section */

/* Begin XCConfigurationList section */
		576800CF2A0EA51E00699DBB /* Build configuration list for PBXProject "hw2" */ = {
			isa = XCConfigurationList;
			buildConfigurations = (
				576800F62A0EA52500699DBB /* Debug */,
				576800F72A0EA52500699DBB /* Release */,
			);
			defaultConfigurationIsVisible = 0;
			defaultConfigurationName = Release;
		};
		576800F82A0EA52500699DBB /* Build configuration list for PBXNativeTarget "hw2" */ = {
			isa = XCConfigurationList;
			buildConfigurations = (
				576800F92A0EA52500699DBB /* Debug */,
				576800FA2A0EA52500699DBB /* Release */,
			);
			defaultConfigurationIsVisible = 0;
			defaultConfigurationName = Release;
		};
		576800FB2A0EA52500699DBB /* Build configuration list for PBXNativeTarget "hw2Tests" */ = {
			isa = XCConfigurationList;
			buildConfigurations = (
				576800FC2A0EA52500699DBB /* Debug */,
				576800FD2A0EA52500699DBB /* Release */,
			);
			defaultConfigurationIsVisible = 0;
			defaultConfigurationName = Release;
		};
		576800FE2A0EA52500699DBB /* Build configuration list for PBXNativeTarget "hw2UITests" */ = {
			isa = XCConfigurationList;
			buildConfigurations = (
				576800FF2A0EA52500699DBB /* Debug */,
				576801002A0EA52500699DBB /* Release */,
			);
			defaultConfigurationIsVisible = 0;
			defaultConfigurationName = Release;
		};
/* End XCConfigurationList section */
	};
	rootObject = 576800CC2A0EA51E00699DBB /* Project object */;
}
